
Microsoft Visual Studio Solution File, Format Version 12.00
Project("{FAE04EC0-301F-11D3-BF4B-00C04F79EFBC}") = "Yakse.Web", "src\Yakse.Web\Yakse.Web.csproj", "{C1002102-6848-4114-90E9-211E8020066E}"
EndProject
Project("{FAE04EC0-301F-11D3-BF4B-00C04F79EFBC}") = "Yakse.Core", "src\Yakse.Core\Yakse.Core.csproj", "{D5E92090-13AC-43E5-A4E3-E7D8C875AADC}"
EndProject
Project("{FAE04EC0-301F-11D3-BF4B-00C04F79EFBC}") = "Yakse.Infrastructure", "src\Yakse.Infrastructure\Yakse.Infrastructure.csproj", "{1DDA9118-31A6-4CCF-8CCD-DAE8A060588D}"
EndProject
Global
	GlobalSection(SolutionConfigurationPlatforms) = preSolution
		Debug|Any CPU = Debug|Any CPU
		Release|Any CPU = Release|Any CPU
	EndGlobalSection
	GlobalSection(ProjectConfigurationPlatforms) = postSolution
		{C1002102-6848-4114-90E9-211E8020066E}.Debug|Any CPU.ActiveCfg = Debug|Any CPU
		{C1002102-6848-4114-90E9-211E8020066E}.Debug|Any CPU.Build.0 = Debug|Any CPU
		{C1002102-6848-4114-90E9-211E8020066E}.Release|Any CPU.ActiveCfg = Release|Any CPU
		{C1002102-6848-4114-90E9-211E8020066E}.Release|Any CPU.Build.0 = Release|Any CPU
		{D5E92090-13AC-43E5-A4E3-E7D8C875AADC}.Debug|Any CPU.ActiveCfg = Debug|Any CPU
		{D5E92090-13AC-43E5-A4E3-E7D8C875AADC}.Debug|Any CPU.Build.0 = Debug|Any CPU
		{D5E92090-13AC-43E5-A4E3-E7D8C875AADC}.Release|Any CPU.ActiveCfg = Release|Any CPU
		{D5E92090-13AC-43E5-A4E3-E7D8C875AADC}.Release|Any CPU.Build.0 = Release|Any CPU
		{1DDA9118-31A6-4CCF-8CCD-DAE8A060588D}.Debug|Any CPU.ActiveCfg = Debug|Any CPU
		{1DDA9118-31A6-4CCF-8CCD-DAE8A060588D}.Debug|Any CPU.Build.0 = Debug|Any CPU
		{1DDA9118-31A6-4CCF-8CCD-DAE8A060588D}.Release|Any CPU.ActiveCfg = Release|Any CPU
		{1DDA9118-31A6-4CCF-8CCD-DAE8A060588D}.Release|Any CPU.Build.0 = Release|Any CPU
	EndGlobalSection
EndGlobal
